{
  "originHash" : "1eaae3c6e91f073fbebc772e0c7647e97f34d6b0e3b2c72e1562eeb7338acb2a",
  "pins" : [
    {
      "identity" : "capacitor-swift-pm",
      "kind" : "remoteSourceControl",
      "location" : "https://github.com/ionic-team/capacitor-swift-pm.git",
      "state" : {
        "revision" : "596259033e94829dffc552a40e7129262122995e",
        "version" : "8.0.0"
      }
    },
    {
      "identity" : "osinappbrowserlib-ios",
      "kind" : "remoteSourceControl",
      "location" : "https://github.com/OutSystems/OSInAppBrowserLib-iOS.git",
      "state" : {
        "revision" : "02077543fe499b68dd2e636bb1c2a40521e67d6a",
        "version" : "2.3.1"
      }
    }
  ],
  "version" : 3
}
